
Microsoft Visual Studio Solution File, Format Version 12.00
Project("{FAE04EC0-301F-11D3-BF4B-00C04F79EFBC}") = "villainary_api", "villainary_api\villainary_api.csproj", "{647AA9F4-0773-4DD0-A70A-965990524097}"
EndProject
Global
	GlobalSection(SolutionConfigurationPlatforms) = preSolution
		Debug|Any CPU = Debug|Any CPU
		Release|Any CPU = Release|Any CPU
	EndGlobalSection
	GlobalSection(ProjectConfigurationPlatforms) = postSolution
		{647AA9F4-0773-4DD0-A70A-965990524097}.Debug|Any CPU.ActiveCfg = Debug|Any CPU
		{647AA9F4-0773-4DD0-A70A-965990524097}.Debug|Any CPU.Build.0 = Debug|Any CPU
		{647AA9F4-0773-4DD0-A70A-965990524097}.Release|Any CPU.ActiveCfg = Release|Any CPU
		{647AA9F4-0773-4DD0-A70A-965990524097}.Release|Any CPU.Build.0 = Release|Any CPU
	EndGlobalSection
EndGlobal
